
Microsoft Visual Studio Solution File, Format Version 12.00
# Visual Studio Version 16
VisualStudioVersion = 16.0.31205.134
MinimumVisualStudioVersion = 10.0.40219.1
Project("{FAE04EC0-301F-11D3-BF4B-00C04F79EFBC}") = "Sala de juegos", "Sala de juegos\Sala de juegos.csproj", "{41C4AE22-CDD2-4AD8-A9E2-903C5CD52DED}"
EndProject
Global
	GlobalSection(SolutionConfigurationPlatforms) = preSolution
		Debug|Any CPU = Debug|Any CPU
		Release|Any CPU = Release|Any CPU
	EndGlobalSection
	GlobalSection(ProjectConfigurationPlatforms) = postSolution
		{41C4AE22-CDD2-4AD8-A9E2-903C5CD52DED}.Debug|Any CPU.ActiveCfg = Debug|Any CPU
		{41C4AE22-CDD2-4AD8-A9E2-903C5CD52DED}.Debug|Any CPU.Build.0 = Debug|Any CPU
		{41C4AE22-CDD2-4AD8-A9E2-903C5CD52DED}.Release|Any CPU.ActiveCfg = Release|Any CPU
		{41C4AE22-CDD2-4AD8-A9E2-903C5CD52DED}.Release|Any CPU.Build.0 = Release|Any CPU
	EndGlobalSection
	GlobalSection(SolutionProperties) = preSolution
		HideSolutionNode = FALSE
	EndGlobalSection
	GlobalSection(ExtensibilityGlobals) = postSolution
		SolutionGuid = {E79C4914-8BA6-4194-9872-4794767F5C1D}
	EndGlobalSection
EndGlobal
