
Microsoft Visual Studio Solution File, Format Version 12.00
# Visual Studio Version 16
VisualStudioVersion = 16.0.31205.134
MinimumVisualStudioVersion = 10.0.40219.1
Project("{FAE04EC0-301F-11D3-BF4B-00C04F79EFBC}") = "Clase de Abstraccion", "Clase de Abstraccion\Clase de Abstraccion.csproj", "{C088947E-6A76-4A51-8BE6-C13E7AFAF69E}"
EndProject
Project("{FAE04EC0-301F-11D3-BF4B-00C04F79EFBC}") = "Biblioteca de Clases", "Biblioteca de Clases\Biblioteca de Clases.csproj", "{42461829-7069-4943-8A46-A96EC2D98F6F}"
EndProject
Global
	GlobalSection(SolutionConfigurationPlatforms) = preSolution
		Debug|Any CPU = Debug|Any CPU
		Release|Any CPU = Release|Any CPU
	EndGlobalSection
	GlobalSection(ProjectConfigurationPlatforms) = postSolution
		{C088947E-6A76-4A51-8BE6-C13E7AFAF69E}.Debug|Any CPU.ActiveCfg = Debug|Any CPU
		{C088947E-6A76-4A51-8BE6-C13E7AFAF69E}.Debug|Any CPU.Build.0 = Debug|Any CPU
		{C088947E-6A76-4A51-8BE6-C13E7AFAF69E}.Release|Any CPU.ActiveCfg = Release|Any CPU
		{C088947E-6A76-4A51-8BE6-C13E7AFAF69E}.Release|Any CPU.Build.0 = Release|Any CPU
		{42461829-7069-4943-8A46-A96EC2D98F6F}.Debug|Any CPU.ActiveCfg = Debug|Any CPU
		{42461829-7069-4943-8A46-A96EC2D98F6F}.Debug|Any CPU.Build.0 = Debug|Any CPU
		{42461829-7069-4943-8A46-A96EC2D98F6F}.Release|Any CPU.ActiveCfg = Release|Any CPU
		{42461829-7069-4943-8A46-A96EC2D98F6F}.Release|Any CPU.Build.0 = Release|Any CPU
	EndGlobalSection
	GlobalSection(SolutionProperties) = preSolution
		HideSolutionNode = FALSE
	EndGlobalSection
	GlobalSection(ExtensibilityGlobals) = postSolution
		SolutionGuid = {F74D78E1-23E5-4D2F-A70A-BC7582B90EDF}
	EndGlobalSection
EndGlobal
