
Microsoft Visual Studio Solution File, Format Version 12.00
# Visual Studio Version 16
VisualStudioVersion = 16.0.31105.61
MinimumVisualStudioVersion = 10.0.40219.1
Project("{FAE04EC0-301F-11D3-BF4B-00C04F79EFBC}") = "Ejercicio Integrador", "Ejercicio Integrador\Ejercicio Integrador.csproj", "{5021C348-344F-4B5F-BEF9-3D8509D16872}"
EndProject
Project("{FAE04EC0-301F-11D3-BF4B-00C04F79EFBC}") = "Biblioteca De Clases", "Biblioteca De Clases\Biblioteca De Clases.csproj", "{0632D0E4-648E-4680-B38F-B8F479166072}"
EndProject
Global
	GlobalSection(SolutionConfigurationPlatforms) = preSolution
		Debug|Any CPU = Debug|Any CPU
		Release|Any CPU = Release|Any CPU
	EndGlobalSection
	GlobalSection(ProjectConfigurationPlatforms) = postSolution
		{5021C348-344F-4B5F-BEF9-3D8509D16872}.Debug|Any CPU.ActiveCfg = Debug|Any CPU
		{5021C348-344F-4B5F-BEF9-3D8509D16872}.Debug|Any CPU.Build.0 = Debug|Any CPU
		{5021C348-344F-4B5F-BEF9-3D8509D16872}.Release|Any CPU.ActiveCfg = Release|Any CPU
		{5021C348-344F-4B5F-BEF9-3D8509D16872}.Release|Any CPU.Build.0 = Release|Any CPU
		{0632D0E4-648E-4680-B38F-B8F479166072}.Debug|Any CPU.ActiveCfg = Debug|Any CPU
		{0632D0E4-648E-4680-B38F-B8F479166072}.Debug|Any CPU.Build.0 = Debug|Any CPU
		{0632D0E4-648E-4680-B38F-B8F479166072}.Release|Any CPU.ActiveCfg = Release|Any CPU
		{0632D0E4-648E-4680-B38F-B8F479166072}.Release|Any CPU.Build.0 = Release|Any CPU
	EndGlobalSection
	GlobalSection(SolutionProperties) = preSolution
		HideSolutionNode = FALSE
	EndGlobalSection
	GlobalSection(ExtensibilityGlobals) = postSolution
		SolutionGuid = {83977CCD-011E-4253-B829-84A02CAEA2A0}
	EndGlobalSection
EndGlobal
