
Microsoft Visual Studio Solution File, Format Version 12.00
# Visual Studio Version 16
VisualStudioVersion = 16.0.31105.61
MinimumVisualStudioVersion = 10.0.40219.1
Project("{FAE04EC0-301F-11D3-BF4B-00C04F79EFBC}") = "Biblioteca De Clases", "Biblioteca De Clases\Biblioteca De Clases.csproj", "{07A09EE9-D031-4066-967B-F2B522CB5D01}"
EndProject
Project("{FAE04EC0-301F-11D3-BF4B-00C04F79EFBC}") = "Ejercicio 17 - Guia", "Ejercicio 17 - Guia\Ejercicio 17 - Guia.csproj", "{8E524854-68FD-4963-8EE2-F7F075951C6B}"
EndProject
Project("{FAE04EC0-301F-11D3-BF4B-00C04F79EFBC}") = "Ejercicio 18 - Guia", "Ejercicio 18 - Guia\Ejercicio 18 - Guia.csproj", "{3CE01AC7-DFE7-4512-8485-74184C4B8F13}"
EndProject
Project("{FAE04EC0-301F-11D3-BF4B-00C04F79EFBC}") = "Ejercicio 16 - Guia", "Ejercicio 16 - Guia\Ejercicio 16 - Guia.csproj", "{9E3BBA7C-266D-4F79-9CBF-C89D14C2D43A}"
EndProject
Project("{FAE04EC0-301F-11D3-BF4B-00C04F79EFBC}") = "Geometria", "Geometria\Geometria.csproj", "{EA1613F3-69CA-40D4-85B4-08D04668D62B}"
EndProject
Project("{FAE04EC0-301F-11D3-BF4B-00C04F79EFBC}") = "Ejercicio 19 - Guia", "Ejercicio 19 - Guia\Ejercicio 19 - Guia.csproj", "{E70DD604-D533-4B6A-95D3-7B050FF36289}"
EndProject
Project("{FAE04EC0-301F-11D3-BF4B-00C04F79EFBC}") = "Ejercicio 20 - Guia", "Ejercicio 20 - Guia\Ejercicio 20 - Guia.csproj", "{DF1013C1-5038-4799-8730-47A808B28CF2}"
EndProject
Project("{FAE04EC0-301F-11D3-BF4B-00C04F79EFBC}") = "Billetes", "Billetes\Billetes.csproj", "{9290A86D-CF91-4D24-AD53-7A08B5C0757D}"
EndProject
Project("{FAE04EC0-301F-11D3-BF4B-00C04F79EFBC}") = "Ejercicio 21 - Guia", "Ejercicio 21 - Guia\Ejercicio 21 - Guia.csproj", "{6607BF13-2827-47EA-96FF-7AB3B5864616}"
EndProject
Project("{FAE04EC0-301F-11D3-BF4B-00C04F79EFBC}") = "Ejercicio 22 - Guia", "Ejercicio 22 - Guia\Ejercicio 22 - Guia.csproj", "{513E4E4D-5951-4464-97A4-38DAC111F21C}"
EndProject
Project("{FAE04EC0-301F-11D3-BF4B-00C04F79EFBC}") = "Ejercicio 26 - Guia", "Ejercicio 26 - Guia\Ejercicio 26 - Guia.csproj", "{3C98F00E-CB21-434A-9A67-448C7C934523}"
EndProject
Global
	GlobalSection(SolutionConfigurationPlatforms) = preSolution
		Debug|Any CPU = Debug|Any CPU
		Release|Any CPU = Release|Any CPU
	EndGlobalSection
	GlobalSection(ProjectConfigurationPlatforms) = postSolution
		{07A09EE9-D031-4066-967B-F2B522CB5D01}.Debug|Any CPU.ActiveCfg = Debug|Any CPU
		{07A09EE9-D031-4066-967B-F2B522CB5D01}.Debug|Any CPU.Build.0 = Debug|Any CPU
		{07A09EE9-D031-4066-967B-F2B522CB5D01}.Release|Any CPU.ActiveCfg = Release|Any CPU
		{07A09EE9-D031-4066-967B-F2B522CB5D01}.Release|Any CPU.Build.0 = Release|Any CPU
		{8E524854-68FD-4963-8EE2-F7F075951C6B}.Debug|Any CPU.ActiveCfg = Debug|Any CPU
		{8E524854-68FD-4963-8EE2-F7F075951C6B}.Debug|Any CPU.Build.0 = Debug|Any CPU
		{8E524854-68FD-4963-8EE2-F7F075951C6B}.Release|Any CPU.ActiveCfg = Release|Any CPU
		{8E524854-68FD-4963-8EE2-F7F075951C6B}.Release|Any CPU.Build.0 = Release|Any CPU
		{3CE01AC7-DFE7-4512-8485-74184C4B8F13}.Debug|Any CPU.ActiveCfg = Debug|Any CPU
		{3CE01AC7-DFE7-4512-8485-74184C4B8F13}.Debug|Any CPU.Build.0 = Debug|Any CPU
		{3CE01AC7-DFE7-4512-8485-74184C4B8F13}.Release|Any CPU.ActiveCfg = Release|Any CPU
		{3CE01AC7-DFE7-4512-8485-74184C4B8F13}.Release|Any CPU.Build.0 = Release|Any CPU
		{9E3BBA7C-266D-4F79-9CBF-C89D14C2D43A}.Debug|Any CPU.ActiveCfg = Debug|Any CPU
		{9E3BBA7C-266D-4F79-9CBF-C89D14C2D43A}.Debug|Any CPU.Build.0 = Debug|Any CPU
		{9E3BBA7C-266D-4F79-9CBF-C89D14C2D43A}.Release|Any CPU.ActiveCfg = Release|Any CPU
		{9E3BBA7C-266D-4F79-9CBF-C89D14C2D43A}.Release|Any CPU.Build.0 = Release|Any CPU
		{EA1613F3-69CA-40D4-85B4-08D04668D62B}.Debug|Any CPU.ActiveCfg = Debug|Any CPU
		{EA1613F3-69CA-40D4-85B4-08D04668D62B}.Debug|Any CPU.Build.0 = Debug|Any CPU
		{EA1613F3-69CA-40D4-85B4-08D04668D62B}.Release|Any CPU.ActiveCfg = Release|Any CPU
		{EA1613F3-69CA-40D4-85B4-08D04668D62B}.Release|Any CPU.Build.0 = Release|Any CPU
		{E70DD604-D533-4B6A-95D3-7B050FF36289}.Debug|Any CPU.ActiveCfg = Debug|Any CPU
		{E70DD604-D533-4B6A-95D3-7B050FF36289}.Debug|Any CPU.Build.0 = Debug|Any CPU
		{E70DD604-D533-4B6A-95D3-7B050FF36289}.Release|Any CPU.ActiveCfg = Release|Any CPU
		{E70DD604-D533-4B6A-95D3-7B050FF36289}.Release|Any CPU.Build.0 = Release|Any CPU
		{DF1013C1-5038-4799-8730-47A808B28CF2}.Debug|Any CPU.ActiveCfg = Debug|Any CPU
		{DF1013C1-5038-4799-8730-47A808B28CF2}.Debug|Any CPU.Build.0 = Debug|Any CPU
		{DF1013C1-5038-4799-8730-47A808B28CF2}.Release|Any CPU.ActiveCfg = Release|Any CPU
		{DF1013C1-5038-4799-8730-47A808B28CF2}.Release|Any CPU.Build.0 = Release|Any CPU
		{9290A86D-CF91-4D24-AD53-7A08B5C0757D}.Debug|Any CPU.ActiveCfg = Debug|Any CPU
		{9290A86D-CF91-4D24-AD53-7A08B5C0757D}.Debug|Any CPU.Build.0 = Debug|Any CPU
		{9290A86D-CF91-4D24-AD53-7A08B5C0757D}.Release|Any CPU.ActiveCfg = Release|Any CPU
		{9290A86D-CF91-4D24-AD53-7A08B5C0757D}.Release|Any CPU.Build.0 = Release|Any CPU
		{6607BF13-2827-47EA-96FF-7AB3B5864616}.Debug|Any CPU.ActiveCfg = Debug|Any CPU
		{6607BF13-2827-47EA-96FF-7AB3B5864616}.Debug|Any CPU.Build.0 = Debug|Any CPU
		{6607BF13-2827-47EA-96FF-7AB3B5864616}.Release|Any CPU.ActiveCfg = Release|Any CPU
		{6607BF13-2827-47EA-96FF-7AB3B5864616}.Release|Any CPU.Build.0 = Release|Any CPU
		{513E4E4D-5951-4464-97A4-38DAC111F21C}.Debug|Any CPU.ActiveCfg = Debug|Any CPU
		{513E4E4D-5951-4464-97A4-38DAC111F21C}.Debug|Any CPU.Build.0 = Debug|Any CPU
		{513E4E4D-5951-4464-97A4-38DAC111F21C}.Release|Any CPU.ActiveCfg = Release|Any CPU
		{513E4E4D-5951-4464-97A4-38DAC111F21C}.Release|Any CPU.Build.0 = Release|Any CPU
		{3C98F00E-CB21-434A-9A67-448C7C934523}.Debug|Any CPU.ActiveCfg = Debug|Any CPU
		{3C98F00E-CB21-434A-9A67-448C7C934523}.Debug|Any CPU.Build.0 = Debug|Any CPU
		{3C98F00E-CB21-434A-9A67-448C7C934523}.Release|Any CPU.ActiveCfg = Release|Any CPU
		{3C98F00E-CB21-434A-9A67-448C7C934523}.Release|Any CPU.Build.0 = Release|Any CPU
	EndGlobalSection
	GlobalSection(SolutionProperties) = preSolution
		HideSolutionNode = FALSE
	EndGlobalSection
	GlobalSection(ExtensibilityGlobals) = postSolution
		SolutionGuid = {C0EE74AB-1498-4F88-887C-5C589D25E2E5}
	EndGlobalSection
EndGlobal
